
Microsoft Visual Studio Solution File, Format Version 12.00
Project("{FAE04EC0-301F-11D3-BF4B-00C04F79EFBC}") = "Diagraph.Api", "Diagraph.Api\Diagraph.Api.csproj", "{C554593C-4620-4091-9523-0073FBDD3DA6}"
EndProject
Project("{2150E333-8FDC-42A3-9474-1A3956D46DE8}") = "Shared", "Shared", "{B5B1936C-9D6A-4681-8CE2-4454968C6116}"
EndProject
Project("{FAE04EC0-301F-11D3-BF4B-00C04F79EFBC}") = "Diagraph.Infrastructure", "Shared\Diagraph.Infrastructure\Diagraph.Infrastructure.csproj", "{31878518-11DB-4324-8942-3796FD4C67ED}"
EndProject
Project("{FAE04EC0-301F-11D3-BF4B-00C04F79EFBC}") = "Diagraph.Infrastructure.Tests", "Shared\Diagraph.Infrastructure.Tests\Diagraph.Infrastructure.Tests.csproj", "{CA358403-43B9-41F1-BEE0-808074BDF6A6}"
EndProject
Project("{2150E333-8FDC-42A3-9474-1A3956D46DE8}") = "Modules", "Modules", "{3D09EA05-2C5D-49D4-BECC-4671771A642B}"
EndProject
Project("{2150E333-8FDC-42A3-9474-1A3956D46DE8}") = "Events", "Events", "{339D4904-1D45-4EFD-9C32-DAF1272E1E0D}"
EndProject
Project("{FAE04EC0-301F-11D3-BF4B-00C04F79EFBC}") = "Modules.Events", "Modules\Events\Modules.Events\Modules.Events.csproj", "{DB0465B6-316F-408C-9C30-3156032535C3}"
EndProject
Project("{FAE04EC0-301F-11D3-BF4B-00C04F79EFBC}") = "Modules.Events.Api", "Modules\Events\Modules.Events.Api\Modules.Events.Api.csproj", "{C23E12B4-C216-4935-B1FB-8092E52BBF72}"
EndProject
Project("{2150E333-8FDC-42A3-9474-1A3956D46DE8}") = "GlucoseData", "GlucoseData", "{BFC0F272-9D63-4006-9450-2D8CDB4C363B}"
EndProject
Project("{FAE04EC0-301F-11D3-BF4B-00C04F79EFBC}") = "Modules.GlucoseData", "Modules\GlucoseData\Modules.GlucoseData\Modules.GlucoseData.csproj", "{2396ADFD-2CAC-4986-94A8-3BB16800C5F2}"
EndProject
Project("{FAE04EC0-301F-11D3-BF4B-00C04F79EFBC}") = "Modules.GlucoseData.Api", "Modules\GlucoseData\Modules.GlucoseData.Api\Modules.GlucoseData.Api.csproj", "{7133E43D-BFD0-47F6-AEE7-C02A00636D85}"
EndProject
Project("{2150E333-8FDC-42A3-9474-1A3956D46DE8}") = "Identity", "Identity", "{B38E44F9-4C6C-4253-9ED7-567BC5B6233D}"
EndProject
Project("{FAE04EC0-301F-11D3-BF4B-00C04F79EFBC}") = "Modules.Identity", "Modules\Identity\Modules.Identity\Modules.Identity.csproj", "{DCDD2578-3B21-4159-872C-C4B4637FD1D7}"
EndProject
Project("{FAE04EC0-301F-11D3-BF4B-00C04F79EFBC}") = "Modules.Identity.Api", "Modules\Identity\Modules.Identity.Api\Modules.Identity.Api.csproj", "{DBCDA446-2EF1-4A51-8A66-EFFBE3CE60F9}"
EndProject
Project("{FAE04EC0-301F-11D3-BF4B-00C04F79EFBC}") = "Modules.Events.Tests", "Modules\Events\Modules.Events.Tests\Modules.Events.Tests.csproj", "{DD977F66-C955-4C30-B656-2ACCB027EB76}"
EndProject
Global
	GlobalSection(SolutionConfigurationPlatforms) = preSolution
		Debug|Any CPU = Debug|Any CPU
		Release|Any CPU = Release|Any CPU
	EndGlobalSection
	GlobalSection(ProjectConfigurationPlatforms) = postSolution
		{C554593C-4620-4091-9523-0073FBDD3DA6}.Debug|Any CPU.ActiveCfg = Debug|Any CPU
		{C554593C-4620-4091-9523-0073FBDD3DA6}.Debug|Any CPU.Build.0 = Debug|Any CPU
		{C554593C-4620-4091-9523-0073FBDD3DA6}.Release|Any CPU.ActiveCfg = Release|Any CPU
		{C554593C-4620-4091-9523-0073FBDD3DA6}.Release|Any CPU.Build.0 = Release|Any CPU
		{31878518-11DB-4324-8942-3796FD4C67ED}.Debug|Any CPU.ActiveCfg = Debug|Any CPU
		{31878518-11DB-4324-8942-3796FD4C67ED}.Debug|Any CPU.Build.0 = Debug|Any CPU
		{31878518-11DB-4324-8942-3796FD4C67ED}.Release|Any CPU.ActiveCfg = Release|Any CPU
		{31878518-11DB-4324-8942-3796FD4C67ED}.Release|Any CPU.Build.0 = Release|Any CPU
		{CA358403-43B9-41F1-BEE0-808074BDF6A6}.Debug|Any CPU.ActiveCfg = Debug|Any CPU
		{CA358403-43B9-41F1-BEE0-808074BDF6A6}.Debug|Any CPU.Build.0 = Debug|Any CPU
		{CA358403-43B9-41F1-BEE0-808074BDF6A6}.Release|Any CPU.ActiveCfg = Release|Any CPU
		{CA358403-43B9-41F1-BEE0-808074BDF6A6}.Release|Any CPU.Build.0 = Release|Any CPU
		{DB0465B6-316F-408C-9C30-3156032535C3}.Debug|Any CPU.ActiveCfg = Debug|Any CPU
		{DB0465B6-316F-408C-9C30-3156032535C3}.Debug|Any CPU.Build.0 = Debug|Any CPU
		{DB0465B6-316F-408C-9C30-3156032535C3}.Release|Any CPU.ActiveCfg = Release|Any CPU
		{DB0465B6-316F-408C-9C30-3156032535C3}.Release|Any CPU.Build.0 = Release|Any CPU
		{C23E12B4-C216-4935-B1FB-8092E52BBF72}.Debug|Any CPU.ActiveCfg = Debug|Any CPU
		{C23E12B4-C216-4935-B1FB-8092E52BBF72}.Debug|Any CPU.Build.0 = Debug|Any CPU
		{C23E12B4-C216-4935-B1FB-8092E52BBF72}.Release|Any CPU.ActiveCfg = Release|Any CPU
		{C23E12B4-C216-4935-B1FB-8092E52BBF72}.Release|Any CPU.Build.0 = Release|Any CPU
		{2396ADFD-2CAC-4986-94A8-3BB16800C5F2}.Debug|Any CPU.ActiveCfg = Debug|Any CPU
		{2396ADFD-2CAC-4986-94A8-3BB16800C5F2}.Debug|Any CPU.Build.0 = Debug|Any CPU
		{2396ADFD-2CAC-4986-94A8-3BB16800C5F2}.Release|Any CPU.ActiveCfg = Release|Any CPU
		{2396ADFD-2CAC-4986-94A8-3BB16800C5F2}.Release|Any CPU.Build.0 = Release|Any CPU
		{7133E43D-BFD0-47F6-AEE7-C02A00636D85}.Debug|Any CPU.ActiveCfg = Debug|Any CPU
		{7133E43D-BFD0-47F6-AEE7-C02A00636D85}.Debug|Any CPU.Build.0 = Debug|Any CPU
		{7133E43D-BFD0-47F6-AEE7-C02A00636D85}.Release|Any CPU.ActiveCfg = Release|Any CPU
		{7133E43D-BFD0-47F6-AEE7-C02A00636D85}.Release|Any CPU.Build.0 = Release|Any CPU
		{DCDD2578-3B21-4159-872C-C4B4637FD1D7}.Debug|Any CPU.ActiveCfg = Debug|Any CPU
		{DCDD2578-3B21-4159-872C-C4B4637FD1D7}.Debug|Any CPU.Build.0 = Debug|Any CPU
		{DCDD2578-3B21-4159-872C-C4B4637FD1D7}.Release|Any CPU.ActiveCfg = Release|Any CPU
		{DCDD2578-3B21-4159-872C-C4B4637FD1D7}.Release|Any CPU.Build.0 = Release|Any CPU
		{DBCDA446-2EF1-4A51-8A66-EFFBE3CE60F9}.Debug|Any CPU.ActiveCfg = Debug|Any CPU
		{DBCDA446-2EF1-4A51-8A66-EFFBE3CE60F9}.Debug|Any CPU.Build.0 = Debug|Any CPU
		{DBCDA446-2EF1-4A51-8A66-EFFBE3CE60F9}.Release|Any CPU.ActiveCfg = Release|Any CPU
		{DBCDA446-2EF1-4A51-8A66-EFFBE3CE60F9}.Release|Any CPU.Build.0 = Release|Any CPU
		{DD977F66-C955-4C30-B656-2ACCB027EB76}.Debug|Any CPU.ActiveCfg = Debug|Any CPU
		{DD977F66-C955-4C30-B656-2ACCB027EB76}.Debug|Any CPU.Build.0 = Debug|Any CPU
		{DD977F66-C955-4C30-B656-2ACCB027EB76}.Release|Any CPU.ActiveCfg = Release|Any CPU
		{DD977F66-C955-4C30-B656-2ACCB027EB76}.Release|Any CPU.Build.0 = Release|Any CPU
	EndGlobalSection
	GlobalSection(NestedProjects) = preSolution
		{31878518-11DB-4324-8942-3796FD4C67ED} = {B5B1936C-9D6A-4681-8CE2-4454968C6116}
		{CA358403-43B9-41F1-BEE0-808074BDF6A6} = {B5B1936C-9D6A-4681-8CE2-4454968C6116}
		{339D4904-1D45-4EFD-9C32-DAF1272E1E0D} = {3D09EA05-2C5D-49D4-BECC-4671771A642B}
		{DB0465B6-316F-408C-9C30-3156032535C3} = {339D4904-1D45-4EFD-9C32-DAF1272E1E0D}
		{C23E12B4-C216-4935-B1FB-8092E52BBF72} = {339D4904-1D45-4EFD-9C32-DAF1272E1E0D}
		{BFC0F272-9D63-4006-9450-2D8CDB4C363B} = {3D09EA05-2C5D-49D4-BECC-4671771A642B}
		{2396ADFD-2CAC-4986-94A8-3BB16800C5F2} = {BFC0F272-9D63-4006-9450-2D8CDB4C363B}
		{7133E43D-BFD0-47F6-AEE7-C02A00636D85} = {BFC0F272-9D63-4006-9450-2D8CDB4C363B}
		{B38E44F9-4C6C-4253-9ED7-567BC5B6233D} = {3D09EA05-2C5D-49D4-BECC-4671771A642B}
		{DCDD2578-3B21-4159-872C-C4B4637FD1D7} = {B38E44F9-4C6C-4253-9ED7-567BC5B6233D}
		{DBCDA446-2EF1-4A51-8A66-EFFBE3CE60F9} = {B38E44F9-4C6C-4253-9ED7-567BC5B6233D}
		{DD977F66-C955-4C30-B656-2ACCB027EB76} = {339D4904-1D45-4EFD-9C32-DAF1272E1E0D}
	EndGlobalSection
EndGlobal
